{
  "name": "application",
  "lockfileVersion": 2,
  "requires": true,
  "packages": {
    "": {
      "dependencies": {
        "colcade": "^0.2.0"
      }
    },
    "node_modules/colcade": {
      "version": "0.2.0",
      "resolved": "https://registry.npmjs.org/colcade/-/colcade-0.2.0.tgz",
      "integrity": "sha512-ccbmKzL0iZZvR1MZeR7r8wIDRSGGQxZI27NyILMjH8F6zOK8Xf04fEVJi2ajUlVgvY1uIRKml5KqHUv1eewBZw=="
    }
  },
  "dependencies": {
    "colcade": {
      "version": "0.2.0",
      "resolved": "https://registry.npmjs.org/colcade/-/colcade-0.2.0.tgz",
      "integrity": "sha512-ccbmKzL0iZZvR1MZeR7r8wIDRSGGQxZI27NyILMjH8F6zOK8Xf04fEVJi2ajUlVgvY1uIRKml5KqHUv1eewBZw=="
    }
  }
}
